
Microsoft Visual Studio Solution File, Format Version 12.00
# Visual Studio Version 16
VisualStudioVersion = 25.0.1703.8
MinimumVisualStudioVersion = 10.0.40219.1
Project("{FAE04EC0-301F-11D3-BF4B-00C04F79EFBC}") = "Valens_Survey_Management_API", "Valens_Survey_Management_API\Valens_Survey_Management_API.csproj", "{3F78BAF0-7C56-45D7-8D05-AD87BCD5252F}"
EndProject
Global
	GlobalSection(SolutionConfigurationPlatforms) = preSolution
		Debug|Any CPU = Debug|Any CPU
		Release|Any CPU = Release|Any CPU
	EndGlobalSection
	GlobalSection(ProjectConfigurationPlatforms) = postSolution
		{3F78BAF0-7C56-45D7-8D05-AD87BCD5252F}.Debug|Any CPU.ActiveCfg = Debug|Any CPU
		{3F78BAF0-7C56-45D7-8D05-AD87BCD5252F}.Debug|Any CPU.Build.0 = Debug|Any CPU
		{3F78BAF0-7C56-45D7-8D05-AD87BCD5252F}.Release|Any CPU.ActiveCfg = Release|Any CPU
		{3F78BAF0-7C56-45D7-8D05-AD87BCD5252F}.Release|Any CPU.Build.0 = Release|Any CPU
	EndGlobalSection
	GlobalSection(SolutionProperties) = preSolution
		HideSolutionNode = FALSE
	EndGlobalSection
	GlobalSection(ExtensibilityGlobals) = postSolution
		SolutionGuid = {827339AD-D6EC-4DB6-9DCC-7767F894B6EB}
	EndGlobalSection
EndGlobal
