
Microsoft Visual Studio Solution File, Format Version 12.00
# Visual Studio Version 16
VisualStudioVersion = 25.0.1703.8
MinimumVisualStudioVersion = 10.0.40219.1
Project("{2150E333-8FDC-42A3-9474-1A3956D46DE8}") = "New Folder", "New Folder", "{0FBE4A1D-FA5C-4CF1-8BBC-BB528BA09A6D}"
EndProject
Project("{FAE04EC0-301F-11D3-BF4B-00C04F79EFBC}") = "ValensSurveyManagementAPI", "ValensSurveyManagementAPI\ValensSurveyManagementAPI.csproj", "{BC8F2A5B-BC89-4EA1-A3BA-298905ED8A1C}"
EndProject
Global
	GlobalSection(SolutionConfigurationPlatforms) = preSolution
		Debug|Any CPU = Debug|Any CPU
		Release|Any CPU = Release|Any CPU
	EndGlobalSection
	GlobalSection(ProjectConfigurationPlatforms) = postSolution
		{BC8F2A5B-BC89-4EA1-A3BA-298905ED8A1C}.Debug|Any CPU.ActiveCfg = Debug|Any CPU
		{BC8F2A5B-BC89-4EA1-A3BA-298905ED8A1C}.Debug|Any CPU.Build.0 = Debug|Any CPU
		{BC8F2A5B-BC89-4EA1-A3BA-298905ED8A1C}.Release|Any CPU.ActiveCfg = Release|Any CPU
		{BC8F2A5B-BC89-4EA1-A3BA-298905ED8A1C}.Release|Any CPU.Build.0 = Release|Any CPU
	EndGlobalSection
	GlobalSection(SolutionProperties) = preSolution
		HideSolutionNode = FALSE
	EndGlobalSection
	GlobalSection(ExtensibilityGlobals) = postSolution
		SolutionGuid = {827339AD-D6EC-4DB6-9DCC-7767F894B6EB}
	EndGlobalSection
EndGlobal
